// !$*UTF8*$!
{
	archiveVersion = 1;
	classes = {
	};
	objectVersion = 50;
	objects = {

/* Begin PBXBuildFile section */
		4913933C232E383B008A197C /* AppDelegate.swift in Sources */ = {isa = PBXBuildFile; fileRef = 4913933B232E383B008A197C /* AppDelegate.swift */; };
		49139341232E383B008A197C /* Main.storyboard in Resources */ = {isa = PBXBuildFile; fileRef = 4913933F232E383B008A197C /* Main.storyboard */; };
		49139343232E383D008A197C /* Assets.xcassets in Resources */ = {isa = PBXBuildFile; fileRef = 49139342232E383D008A197C /* Assets.xcassets */; };
		49139346232E383D008A197C /* LaunchScreen.storyboard in Resources */ = {isa = PBXBuildFile; fileRef = 49139344232E383D008A197C /* LaunchScreen.storyboard */; };
		49139355232E3876008A197C /* ListViewController.swift in Sources */ = {isa = PBXBuildFile; fileRef = 49139352232E3876008A197C /* ListViewController.swift */; };
		4913935E232E3AC9008A197C /* ProximitisFramework.framework in Frameworks */ = {isa = PBXBuildFile; fileRef = 4913935D232E3AC9008A197C /* ProximitisFramework.framework */; };
		49139360232E3B72008A197C /* ProximitisFramework.framework in Embed Frameworks */ = {isa = PBXBuildFile; fileRef = 4913935D232E3AC9008A197C /* ProximitisFramework.framework */; settings = {ATTRIBUTES = (CodeSignOnCopy, RemoveHeadersOnCopy, ); }; };
/* End PBXBuildFile section */

/* Begin PBXCopyFilesBuildPhase section */
		49139351232E3850008A197C /* Embed Frameworks */ = {
			isa = PBXCopyFilesBuildPhase;
			buildActionMask = 2147483647;
			dstPath = "";
			dstSubfolderSpec = 10;
			files = (
				49139360232E3B72008A197C /* ProximitisFramework.framework in Embed Frameworks */,
			);
			name = "Embed Frameworks";
			runOnlyForDeploymentPostprocessing = 0;
		};
/* End PBXCopyFilesBuildPhase section */

/* Begin PBXFileReference section */
		49139338232E383B008A197C /* ProximitisSwiftDemo.app */ = {isa = PBXFileReference; explicitFileType = wrapper.application; includeInIndex = 0; path = ProximitisSwiftDemo.app; sourceTree = BUILT_PRODUCTS_DIR; };
		4913933B232E383B008A197C /* AppDelegate.swift */ = {isa = PBXFileReference; lastKnownFileType = sourcecode.swift; path = AppDelegate.swift; sourceTree = "<group>"; };
		49139340232E383B008A197C /* Base */ = {isa = PBXFileReference; lastKnownFileType = file.storyboard; name = Base; path = Base.lproj/Main.storyboard; sourceTree = "<group>"; };
		49139342232E383D008A197C /* Assets.xcassets */ = {isa = PBXFileReference; lastKnownFileType = folder.assetcatalog; path = Assets.xcassets; sourceTree = "<group>"; };
		49139345232E383D008A197C /* Base */ = {isa = PBXFileReference; lastKnownFileType = file.storyboard; name = Base; path = Base.lproj/LaunchScreen.storyboard; sourceTree = "<group>"; };
		49139347232E383D008A197C /* Info.plist */ = {isa = PBXFileReference; lastKnownFileType = text.plist.xml; path = Info.plist; sourceTree = "<group>"; };
		49139352232E3876008A197C /* ListViewController.swift */ = {isa = PBXFileReference; fileEncoding = 4; lastKnownFileType = sourcecode.swift; path = ListViewController.swift; sourceTree = "<group>"; };
		4913935D232E3AC9008A197C /* ProximitisFramework.framework */ = {isa = PBXFileReference; lastKnownFileType = wrapper.framework; name = ProximitisFramework.framework; path = Frameworks/ProximitisFramework.framework; sourceTree = "<group>"; };
/* End PBXFileReference section */

/* Begin PBXFrameworksBuildPhase section */
		49139335232E383B008A197C /* Frameworks */ = {
			isa = PBXFrameworksBuildPhase;
			buildActionMask = 2147483647;
			files = (
				4913935E232E3AC9008A197C /* ProximitisFramework.framework in Frameworks */,
			);
			runOnlyForDeploymentPostprocessing = 0;
		};
/* End PBXFrameworksBuildPhase section */

/* Begin PBXGroup section */
		4913932F232E383B008A197C = {
			isa = PBXGroup;
			children = (
				4913933A232E383B008A197C /* ProximitisSwiftDemo */,
				49139339232E383B008A197C /* Products */,
			);
			sourceTree = "<group>";
		};
		49139339232E383B008A197C /* Products */ = {
			isa = PBXGroup;
			children = (
				49139338232E383B008A197C /* ProximitisSwiftDemo.app */,
			);
			name = Products;
			sourceTree = "<group>";
		};
		4913933A232E383B008A197C /* ProximitisSwiftDemo */ = {
			isa = PBXGroup;
			children = (
				4913935D232E3AC9008A197C /* ProximitisFramework.framework */,
				4913933B232E383B008A197C /* AppDelegate.swift */,
				49139358232E387F008A197C /* View Controllers */,
				4913933F232E383B008A197C /* Main.storyboard */,
				49139342232E383D008A197C /* Assets.xcassets */,
				49139344232E383D008A197C /* LaunchScreen.storyboard */,
				49139347232E383D008A197C /* Info.plist */,
			);
			path = ProximitisSwiftDemo;
			sourceTree = "<group>";
		};
		49139358232E387F008A197C /* View Controllers */ = {
			isa = PBXGroup;
			children = (
				49139352232E3876008A197C /* ListViewController.swift */,
			);
			path = "View Controllers";
			sourceTree = "<group>";
		};
/* End PBXGroup section */

/* Begin PBXNativeTarget section */
		49139337232E383B008A197C /* ProximitisSwiftDemo */ = {
			isa = PBXNativeTarget;
			buildConfigurationList = 4913934A232E383D008A197C /* Build configuration list for PBXNativeTarget "ProximitisSwiftDemo" */;
			buildPhases = (
				49139334232E383B008A197C /* Sources */,
				49139335232E383B008A197C /* Frameworks */,
				49139336232E383B008A197C /* Resources */,
				49139351232E3850008A197C /* Embed Frameworks */,
			);
			buildRules = (
			);
			dependencies = (
			);
			name = ProximitisSwiftDemo;
			productName = ProximitisSwiftDemo;
			productReference = 49139338232E383B008A197C /* ProximitisSwiftDemo.app */;
			productType = "com.apple.product-type.application";
		};
/* End PBXNativeTarget section */

/* Begin PBXProject section */
		49139330232E383B008A197C /* Project object */ = {
			isa = PBXProject;
			attributes = {
				LastSwiftUpdateCheck = 1030;
				LastUpgradeCheck = 1030;
				ORGANIZATIONNAME = "Proximitis s.r.o.";
				TargetAttributes = {
					49139337232E383B008A197C = {
						CreatedOnToolsVersion = 10.3;
						SystemCapabilities = {
							com.apple.BackgroundModes = {
								enabled = 1;
							};
						};
					};
				};
			};
			buildConfigurationList = 49139333232E383B008A197C /* Build configuration list for PBXProject "ProximitisSwiftDemo" */;
			compatibilityVersion = "Xcode 9.3";
			developmentRegion = en;
			hasScannedForEncodings = 0;
			knownRegions = (
				en,
				Base,
			);
			mainGroup = 4913932F232E383B008A197C;
			productRefGroup = 49139339232E383B008A197C /* Products */;
			projectDirPath = "";
			projectRoot = "";
			targets = (
				49139337232E383B008A197C /* ProximitisSwiftDemo */,
			);
		};
/* End PBXProject section */

/* Begin PBXResourcesBuildPhase section */
		49139336232E383B008A197C /* Resources */ = {
			isa = PBXResourcesBuildPhase;
			buildActionMask = 2147483647;
			files = (
				49139346232E383D008A197C /* LaunchScreen.storyboard in Resources */,
				49139343232E383D008A197C /* Assets.xcassets in Resources */,
				49139341232E383B008A197C /* Main.storyboard in Resources */,
			);
			runOnlyForDeploymentPostprocessing = 0;
		};
/* End PBXResourcesBuildPhase section */

/* Begin PBXSourcesBuildPhase section */
		49139334232E383B008A197C /* Sources */ = {
			isa = PBXSourcesBuildPhase;
			buildActionMask = 2147483647;
			files = (
				4913933C232E383B008A197C /* AppDelegate.swift in Sources */,
				49139355232E3876008A197C /* ListViewController.swift in Sources */,
			);
			runOnlyForDeploymentPostprocessing = 0;
		};
/* End PBXSourcesBuildPhase section */

/* Begin PBXVariantGroup section */
		4913933F232E383B008A197C /* Main.storyboard */ = {
			isa = PBXVariantGroup;
			children = (
				49139340232E383B008A197C /* Base */,
			);
			name = Main.storyboard;
			sourceTree = "<group>";
		};
		49139344232E383D008A197C /* LaunchScreen.storyboard */ = {
			isa = PBXVariantGroup;
			children = (
				49139345232E383D008A197C /* Base */,
			);
			name = LaunchScreen.storyboard;
			sourceTree = "<group>";
		};
/* End PBXVariantGroup section */

/* Begin XCBuildConfiguration section */
		49139348232E383D008A197C /* Debug */ = {
			isa = XCBuildConfiguration;
			buildSettings = {
				ALWAYS_SEARCH_USER_PATHS = NO;
				CLANG_ANALYZER_NONNULL = YES;
				CLANG_ANALYZER_NUMBER_OBJECT_CONVERSION = YES_AGGRESSIVE;
				CLANG_CXX_LANGUAGE_STANDARD = "gnu++14";
				CLANG_CXX_LIBRARY = "libc++";
				CLANG_ENABLE_MODULES = YES;
				CLANG_ENABLE_OBJC_ARC = YES;
				CLANG_ENABLE_OBJC_WEAK = YES;
				CLANG_WARN_BLOCK_CAPTURE_AUTORELEASING = YES;
				CLANG_WARN_BOOL_CONVERSION = YES;
				CLANG_WARN_COMMA = YES;
				CLANG_WARN_CONSTANT_CONVERSION = YES;
				CLANG_WARN_DEPRECATED_OBJC_IMPLEMENTATIONS = YES;
				CLANG_WARN_DIRECT_OBJC_ISA_USAGE = YES_ERROR;
				CLANG_WARN_DOCUMENTATION_COMMENTS = YES;
				CLANG_WARN_EMPTY_BODY = YES;
				CLANG_WARN_ENUM_CONVERSION = YES;
				CLANG_WARN_INFINITE_RECURSION = YES;
				CLANG_WARN_INT_CONVERSION = YES;
				CLANG_WARN_NON_LITERAL_NULL_CONVERSION = YES;
				CLANG_WARN_OBJC_IMPLICIT_RETAIN_SELF = YES;
				CLANG_WARN_OBJC_LITERAL_CONVERSION = YES;
				CLANG_WARN_OBJC_ROOT_CLASS = YES_ERROR;
				CLANG_WARN_RANGE_LOOP_ANALYSIS = YES;
				CLANG_WARN_STRICT_PROTOTYPES = YES;
				CLANG_WARN_SUSPICIOUS_MOVE = YES;
				CLANG_WARN_UNGUARDED_AVAILABILITY = YES_AGGRESSIVE;
				CLANG_WARN_UNREACHABLE_CODE = YES;
				CLANG_WARN__DUPLICATE_METHOD_MATCH = YES;
				CODE_SIGN_IDENTITY = "iPhone Developer";
				COPY_PHASE_STRIP = NO;
				DEBUG_INFORMATION_FORMAT = dwarf;
				ENABLE_STRICT_OBJC_MSGSEND = YES;
				ENABLE_TESTABILITY = YES;
				GCC_C_LANGUAGE_STANDARD = gnu11;
				GCC_DYNAMIC_NO_PIC = NO;
				GCC_NO_COMMON_BLOCKS = YES;
				GCC_OPTIMIZATION_LEVEL = 0;
				GCC_PREPROCESSOR_DEFINITIONS = (
					"DEBUG=1",
					"$(inherited)",
				);
				GCC_WARN_64_TO_32_BIT_CONVERSION = YES;
				GCC_WARN_ABOUT_RETURN_TYPE = YES_ERROR;
				GCC_WARN_UNDECLARED_SELECTOR = YES;
				GCC_WARN_UNINITIALIZED_AUTOS = YES_AGGRESSIVE;
				GCC_WARN_UNUSED_FUNCTION = YES;
				GCC_WARN_UNUSED_VARIABLE = YES;
				IPHONEOS_DEPLOYMENT_TARGET = 12.4;
				MTL_ENABLE_DEBUG_INFO = INCLUDE_SOURCE;
				MTL_FAST_MATH = YES;
				ONLY_ACTIVE_ARCH = YES;
				SDKROOT = iphoneos;
				SWIFT_ACTIVE_COMPILATION_CONDITIONS = DEBUG;
				SWIFT_OPTIMIZATION_LEVEL = "-Onone";
			};
			name = Debug;
		};
		49139349232E383D008A197C /* Release */ = {
			isa = XCBuildConfiguration;
			buildSettings = {
				ALWAYS_SEARCH_USER_PATHS = NO;
				CLANG_ANALYZER_NONNULL = YES;
				CLANG_ANALYZER_NUMBER_OBJECT_CONVERSION = YES_AGGRESSIVE;
				CLANG_CXX_LANGUAGE_STANDARD = "gnu++14";
				CLANG_CXX_LIBRARY = "libc++";
				CLANG_ENABLE_MODULES = YES;
				CLANG_ENABLE_OBJC_ARC = YES;
				CLANG_ENABLE_OBJC_WEAK = YES;
				CLANG_WARN_BLOCK_CAPTURE_AUTORELEASING = YES;
				CLANG_WARN_BOOL_CONVERSION = YES;
				CLANG_WARN_COMMA = YES;
				CLANG_WARN_CONSTANT_CONVERSION = YES;
				CLANG_WARN_DEPRECATED_OBJC_IMPLEMENTATIONS = YES;
				CLANG_WARN_DIRECT_OBJC_ISA_USAGE = YES_ERROR;
				CLANG_WARN_DOCUMENTATION_COMMENTS = YES;
				CLANG_WARN_EMPTY_BODY = YES;
				CLANG_WARN_ENUM_CONVERSION = YES;
				CLANG_WARN_INFINITE_RECURSION = YES;
				CLANG_WARN_INT_CONVERSION = YES;
				CLANG_WARN_NON_LITERAL_NULL_CONVERSION = YES;
				CLANG_WARN_OBJC_IMPLICIT_RETAIN_SELF = YES;
				CLANG_WARN_OBJC_LITERAL_CONVERSION = YES;
				CLANG_WARN_OBJC_ROOT_CLASS = YES_ERROR;
				CLANG_WARN_RANGE_LOOP_ANALYSIS = YES;
				CLANG_WARN_STRICT_PROTOTYPES = YES;
				CLANG_WARN_SUSPICIOUS_MOVE = YES;
				CLANG_WARN_UNGUARDED_AVAILABILITY = YES_AGGRESSIVE;
				CLANG_WARN_UNREACHABLE_CODE = YES;
				CLANG_WARN__DUPLICATE_METHOD_MATCH = YES;
				CODE_SIGN_IDENTITY = "iPhone Developer";
				COPY_PHASE_STRIP = NO;
				DEBUG_INFORMATION_FORMAT = "dwarf-with-dsym";
				ENABLE_NS_ASSERTIONS = NO;
				ENABLE_STRICT_OBJC_MSGSEND = YES;
				GCC_C_LANGUAGE_STANDARD = gnu11;
				GCC_NO_COMMON_BLOCKS = YES;
				GCC_WARN_64_TO_32_BIT_CONVERSION = YES;
				GCC_WARN_ABOUT_RETURN_TYPE = YES_ERROR;
				GCC_WARN_UNDECLARED_SELECTOR = YES;
				GCC_WARN_UNINITIALIZED_AUTOS = YES_AGGRESSIVE;
				GCC_WARN_UNUSED_FUNCTION = YES;
				GCC_WARN_UNUSED_VARIABLE = YES;
				IPHONEOS_DEPLOYMENT_TARGET = 12.4;
				MTL_ENABLE_DEBUG_INFO = NO;
				MTL_FAST_MATH = YES;
				SDKROOT = iphoneos;
				SWIFT_COMPILATION_MODE = wholemodule;
				SWIFT_OPTIMIZATION_LEVEL = "-O";
				VALIDATE_PRODUCT = YES;
			};
			name = Release;
		};
		4913934B232E383D008A197C /* Debug */ = {
			isa = XCBuildConfiguration;
			buildSettings = {
				ASSETCATALOG_COMPILER_APPICON_NAME = AppIcon;
				CODE_SIGN_STYLE = Automatic;
				DEVELOPMENT_TEAM = G42JHX722L;
				FRAMEWORK_SEARCH_PATHS = (
					"$(inherited)",
					"$(PROJECT_DIR)/ProximitisSwiftDemo/Frameworks",
				);
				INFOPLIST_FILE = ProximitisSwiftDemo/Info.plist;
				LD_RUNPATH_SEARCH_PATHS = (
					"$(inherited)",
					"@executable_path/Frameworks",
				);
				PRODUCT_BUNDLE_IDENTIFIER = cz.proximitis.proximitisSDK;
				PRODUCT_NAME = "$(TARGET_NAME)";
				SWIFT_VERSION = 5.0;
				TARGETED_DEVICE_FAMILY = "1,2";
			};
			name = Debug;
		};
		4913934C232E383D008A197C /* Release */ = {
			isa = XCBuildConfiguration;
			buildSettings = {
				ASSETCATALOG_COMPILER_APPICON_NAME = AppIcon;
				CODE_SIGN_STYLE = Automatic;
				DEVELOPMENT_TEAM = G42JHX722L;
				FRAMEWORK_SEARCH_PATHS = (
					"$(inherited)",
					"$(PROJECT_DIR)/ProximitisSwiftDemo/Frameworks",
				);
				INFOPLIST_FILE = ProximitisSwiftDemo/Info.plist;
				LD_RUNPATH_SEARCH_PATHS = (
					"$(inherited)",
					"@executable_path/Frameworks",
				);
				PRODUCT_BUNDLE_IDENTIFIER = cz.proximitis.proximitisSDK;
				PRODUCT_NAME = "$(TARGET_NAME)";
				SWIFT_VERSION = 5.0;
				TARGETED_DEVICE_FAMILY = "1,2";
			};
			name = Release;
		};
/* End XCBuildConfiguration section */

/* Begin XCConfigurationList section */
		49139333232E383B008A197C /* Build configuration list for PBXProject "ProximitisSwiftDemo" */ = {
			isa = XCConfigurationList;
			buildConfigurations = (
				49139348232E383D008A197C /* Debug */,
				49139349232E383D008A197C /* Release */,
			);
			defaultConfigurationIsVisible = 0;
			defaultConfigurationName = Release;
		};
		4913934A232E383D008A197C /* Build configuration list for PBXNativeTarget "ProximitisSwiftDemo" */ = {
			isa = XCConfigurationList;
			buildConfigurations = (
				4913934B232E383D008A197C /* Debug */,
				4913934C232E383D008A197C /* Release */,
			);
			defaultConfigurationIsVisible = 0;
			defaultConfigurationName = Release;
		};
/* End XCConfigurationList section */
	};
	rootObject = 49139330232E383B008A197C /* Project object */;
}
